<?xml version="1.0" encoding="UTF-8"?>
<!DOCTYPE plist PUBLIC "-//Apple//DTD PLIST 1.0//EN" "http://www.apple.com/DTDs/PropertyList-1.0.dtd">
<plist version="1.0">
<dict>
	<key>archiveVersion</key>
	<string>1</string>
	<key>classes</key>
	<dict/>
	<key>objectVersion</key>
	<string>46</string>
	<key>objects</key>
	<dict>
		<key>2A2C550DAF5EC6628AB280A7</key>
		<dict>
			<key>attributes</key>
			<dict>
				<key>LastUpgradeCheck</key>
				<string>0440</string>
			</dict>
			<key>buildConfigurationList</key>
			<string>2A2C550DAF5EC6628AB280A8</string>
			<key>compatibilityVersion</key>
			<string>Xcode 3.2</string>
			<key>developmentRegion</key>
			<string>English</string>
			<key>hasScannedForEncodings</key>
			<string>0</string>
			<key>isa</key>
			<string>PBXProject</string>
			<key>knownRegions</key>
			<array>
				<string>en</string>
			</array>
			<key>mainGroup</key>
			<string>2A2C550DAF5EC6628AB280A9</string>
			<key>productRefGroup</key>
			<string>2A2C550DAF5EC6628AB280AA</string>
			<key>projectDirPath</key>
			<string></string>
			<key>projectReferences</key>
			<array/>
			<key>projectRoot</key>
			<string></string>
			<key>targets</key>
			<array>
				<string>2A2C550DAF5EC6628AB280AE</string>
			</array>
		</dict>
		<key>2A2C550DAF5EC6628AB280A8</key>
		<dict>
			<key>buildConfigurations</key>
			<array>
				<string>2A2C550DAF5EC6628AB280AB</string>
				<string>2A2C550DAF5EC6628AB280AC</string>
			</array>
			<key>defaultConfigurationIsVisible</key>
			<string>0</string>
			<key>defaultConfigurationName</key>
			<string>Release</string>
			<key>isa</key>
			<string>XCConfigurationList</string>
		</dict>
		<key>2A2C550DAF5EC6628AB280A9</key>
		<dict>
			<key>children</key>
			<array>
				<string>2D9031EB15E9F3950009A0DD</string>
				<string>2D36ACA11545421700E4C0CB</string>
				<string>2A2C550DAF5EC6628AB280AA</string>
				<string>2A2C550DAF5EC6628AB280B5</string>
				<string>2A2C550DAF5EC6628AB280BC</string>
				<string>2D36ACA11545421700E4C0CF</string>
			</array>
			<key>isa</key>
			<string>PBXGroup</string>
			<key>sourceTree</key>
			<string>&lt;group&gt;</string>
		</dict>
		<key>2A2C550DAF5EC6628AB280AA</key>
		<dict>
			<key>children</key>
			<array>
				<string>2A2C550DAF5EC6628AB280AD</string>
			</array>
			<key>isa</key>
			<string>PBXGroup</string>
			<key>name</key>
			<string>Products</string>
			<key>sourceTree</key>
			<string>&lt;group&gt;</string>
		</dict>
		<key>2A2C550DAF5EC6628AB280AB</key>
		<dict>
			<key>buildSettings</key>
			<dict>
				<key>ALWAYS_SEARCH_USER_PATHS</key>
				<string>NO</string>
				<key>ARCHS</key>
				<string>$(ARCHS_STANDARD_32_BIT)</string>
				<key>CLANG_ENABLE_OBJC_ARC</key>
				<string>YES</string>
				<key>CLANG_WARN__DUPLICATE_METHOD_MATCH</key>
				<string>YES</string>
				<key>CODE_SIGN_IDENTITY[sdk=iphoneos*]</key>
				<string>iPhone Developer</string>
				<key>COPY_PHASE_STRIP</key>
				<string>YES</string>
				<key>GCC_C_LANGUAGE_STANDARD</key>
				<string>gnu99</string>
				<key>GCC_VERSION</key>
				<string>com.apple.compilers.llvm.clang.1_0</string>
				<key>GCC_WARN_ABOUT_RETURN_TYPE</key>
				<string>YES</string>
				<key>GCC_WARN_UNINITIALIZED_AUTOS</key>
				<string>YES</string>
				<key>GCC_WARN_UNUSED_VARIABLE</key>
				<string>YES</string>
				<key>IPHONEOS_DEPLOYMENT_TARGET</key>
				<string>5.1</string>
				<key>OTHER_CFLAGS</key>
				<string>-DNS_BLOCK_ASSERTIONS=1</string>
				<key>SDKROOT</key>
				<string>iphoneos</string>
				<key>TARGETED_DEVICE_FAMILY</key>
				<string>1,2</string>
				<key>VALIDATE_PRODUCT</key>
				<string>YES</string>
			</dict>
			<key>isa</key>
			<string>XCBuildConfiguration</string>
			<key>name</key>
			<string>Release</string>
		</dict>
		<key>2A2C550DAF5EC6628AB280AC</key>
		<dict>
			<key>buildSettings</key>
			<dict>
				<key>ALWAYS_SEARCH_USER_PATHS</key>
				<string>NO</string>
				<key>ARCHS</key>
				<string>$(ARCHS_STANDARD_32_BIT)</string>
				<key>CLANG_ENABLE_OBJC_ARC</key>
				<string>YES</string>
				<key>CLANG_WARN__DUPLICATE_METHOD_MATCH</key>
				<string>YES</string>
				<key>CODE_SIGN_IDENTITY[sdk=iphoneos*]</key>
				<string>iPhone Developer</string>
				<key>COPY_PHASE_STRIP</key>
				<string>NO</string>
				<key>GCC_C_LANGUAGE_STANDARD</key>
				<string>gnu99</string>
				<key>GCC_DYNAMIC_NO_PIC</key>
				<string>NO</string>
				<key>GCC_OPTIMIZATION_LEVEL</key>
				<string>0</string>
				<key>GCC_PREPROCESSOR_DEFINITIONS</key>
				<array>
					<string>DEBUG=1</string>
					<string>$(inherited)</string>
				</array>
				<key>GCC_SYMBOLS_PRIVATE_EXTERN</key>
				<string>NO</string>
				<key>GCC_VERSION</key>
				<string>com.apple.compilers.llvm.clang.1_0</string>
				<key>GCC_WARN_ABOUT_RETURN_TYPE</key>
				<string>YES</string>
				<key>GCC_WARN_UNINITIALIZED_AUTOS</key>
				<string>YES</string>
				<key>GCC_WARN_UNUSED_VARIABLE</key>
				<string>YES</string>
				<key>IPHONEOS_DEPLOYMENT_TARGET</key>
				<string>5.1</string>
				<key>SDKROOT</key>
				<string>iphoneos</string>
				<key>TARGETED_DEVICE_FAMILY</key>
				<string>1,2</string>
			</dict>
			<key>isa</key>
			<string>XCBuildConfiguration</string>
			<key>name</key>
			<string>Debug</string>
		</dict>
		<key>2A2C550DAF5EC6628AB280AD</key>
		<dict>
			<key>explicitFileType</key>
			<string>wrapper.application</string>
			<key>includeInIndex</key>
			<string>0</string>
			<key>isa</key>
			<string>PBXFileReference</string>
			<key>path</key>
			<string>Vigor.app</string>
			<key>sourceTree</key>
			<string>BUILT_PRODUCTS_DIR</string>
		</dict>
		<key>2A2C550DAF5EC6628AB280AE</key>
		<dict>
			<key>buildConfigurationList</key>
			<string>2A2C550DAF5EC6628AB280AF</string>
			<key>buildPhases</key>
			<array>
				<string>2A2C550DAF5EC6628AB280B2</string>
				<string>2A2C550DAF5EC6628AB280B3</string>
				<string>2A2C550DAF5EC6628AB280B4</string>
			</array>
			<key>buildRules</key>
			<array/>
			<key>dependencies</key>
			<array/>
			<key>isa</key>
			<string>PBXNativeTarget</string>
			<key>name</key>
			<string>Vigor</string>
			<key>productName</key>
			<string>Vigor</string>
			<key>productReference</key>
			<string>2A2C550DAF5EC6628AB280AD</string>
			<key>productType</key>
			<string>com.apple.product-type.application</string>
		</dict>
		<key>2A2C550DAF5EC6628AB280AF</key>
		<dict>
			<key>buildConfigurations</key>
			<array>
				<string>2A2C550DAF5EC6628AB280B0</string>
				<string>2A2C550DAF5EC6628AB280B1</string>
			</array>
			<key>defaultConfigurationIsVisible</key>
			<string>0</string>
			<key>defaultConfigurationName</key>
			<string>Release</string>
			<key>isa</key>
			<string>XCConfigurationList</string>
		</dict>
		<key>2A2C550DAF5EC6628AB280B0</key>
		<dict>
			<key>buildSettings</key>
			<dict>
				<key>CODE_SIGN_ENTITLEMENTS</key>
				<string>Vigor/Vigor.entitlements</string>
				<key>GCC_PRECOMPILE_PREFIX_HEADER</key>
				<string>YES</string>
				<key>GCC_PREFIX_HEADER</key>
				<string>Vigor/Vigor-Prefix.pch</string>
				<key>INFOPLIST_FILE</key>
				<string>Vigor/Vigor-Info.plist</string>
				<key>LIBRARY_SEARCH_PATHS</key>
				<string></string>
				<key>OTHER_LDFLAGS</key>
				<string></string>
				<key>PRODUCT_NAME</key>
				<string>$(TARGET_NAME)</string>
				<key>WRAPPER_EXTENSION</key>
				<string>app</string>
			</dict>
			<key>isa</key>
			<string>XCBuildConfiguration</string>
			<key>name</key>
			<string>Release</string>
		</dict>
		<key>2A2C550DAF5EC6628AB280B1</key>
		<dict>
			<key>buildSettings</key>
			<dict>
				<key>CODE_SIGN_ENTITLEMENTS</key>
				<string>Vigor/Vigor.entitlements</string>
				<key>GCC_PRECOMPILE_PREFIX_HEADER</key>
				<string>YES</string>
				<key>GCC_PREFIX_HEADER</key>
				<string>Vigor/Vigor-Prefix.pch</string>
				<key>INFOPLIST_FILE</key>
				<string>Vigor/Vigor-Info.plist</string>
				<key>LIBRARY_SEARCH_PATHS</key>
				<array>
					<string>$(inherited)</string>
					<string>$(FRANK_LIBRARY_SEARCH_PATHS)</string>
				</array>
				<key>OTHER_LDFLAGS</key>
				<array>
					<string>$(inherited)</string>
					<string>$(FRANK_LDFLAGS)</string>
				</array>
				<key>PRODUCT_NAME</key>
				<string>$(TARGET_NAME)</string>
				<key>WRAPPER_EXTENSION</key>
				<string>app</string>
			</dict>
			<key>isa</key>
			<string>XCBuildConfiguration</string>
			<key>name</key>
			<string>Debug</string>
		</dict>
		<key>2A2C550DAF5EC6628AB280B2</key>
		<dict>
			<key>buildActionMask</key>
			<string>2147483647</string>
			<key>files</key>
			<array>
				<string>2A2C550DAF5EC6628AB280C3</string>
				<string>2A2C550DAF5EC6628AB280C7</string>
				<string>2A2C550DAF5EC6628AB280D0</string>
				<string>2A2C550DAF5EC6628AB280D3</string>
				<string>2D36ACA11545421700E4C0E5</string>
			</array>
			<key>isa</key>
			<string>PBXSourcesBuildPhase</string>
			<key>runOnlyForDeploymentPostprocessing</key>
			<string>0</string>
		</dict>
		<key>2A2C550DAF5EC6628AB280B3</key>
		<dict>
			<key>buildActionMask</key>
			<string>2147483647</string>
			<key>files</key>
			<array>
				<string>2D9031EC15E9F3950009A0DD</string>
				<string>2D321D85154357A500B05E3B</string>
				<string>2A2C550DAF5EC6628AB280B7</string>
				<string>2A2C550DAF5EC6628AB280B9</string>
				<string>2A2C550DAF5EC6628AB280BB</string>
			</array>
			<key>isa</key>
			<string>PBXFrameworksBuildPhase</string>
			<key>runOnlyForDeploymentPostprocessing</key>
			<string>0</string>
		</dict>
		<key>2A2C550DAF5EC6628AB280B4</key>
		<dict>
			<key>buildActionMask</key>
			<string>2147483647</string>
			<key>files</key>
			<array>
				<string>2A2C550DAF5EC6628AB280C1</string>
				<string>2A2C550DAF5EC6628AB280CA</string>
				<string>2A2C550DAF5EC6628AB280CD</string>
			</array>
			<key>isa</key>
			<string>PBXResourcesBuildPhase</string>
			<key>runOnlyForDeploymentPostprocessing</key>
			<string>0</string>
		</dict>
		<key>2A2C550DAF5EC6628AB280B5</key>
		<dict>
			<key>children</key>
			<array>
				<string>2D321D84154357A500B05E3B</string>
				<string>2A2C550DAF5EC6628AB280BA</string>
				<string>2A2C550DAF5EC6628AB280B8</string>
				<string>2A2C550DAF5EC6628AB280B6</string>
			</array>
			<key>isa</key>
			<string>PBXGroup</string>
			<key>name</key>
			<string>Frameworks</string>
			<key>sourceTree</key>
			<string>&lt;group&gt;</string>
		</dict>
		<key>2A2C550DAF5EC6628AB280B6</key>
		<dict>
			<key>isa</key>
			<string>PBXFileReference</string>
			<key>lastKnownFileType</key>
			<string>wrapper.framework</string>
			<key>name</key>
			<string>UIKit.framework</string>
			<key>path</key>
			<string>System/Library/Frameworks/UIKit.framework</string>
			<key>sourceTree</key>
			<string>SDKROOT</string>
		</dict>
		<key>2A2C550DAF5EC6628AB280B7</key>
		<dict>
			<key>fileRef</key>
			<string>2A2C550DAF5EC6628AB280B6</string>
			<key>isa</key>
			<string>PBXBuildFile</string>
		</dict>
		<key>2A2C550DAF5EC6628AB280B8</key>
		<dict>
			<key>isa</key>
			<string>PBXFileReference</string>
			<key>lastKnownFileType</key>
			<string>wrapper.framework</string>
			<key>name</key>
			<string>Foundation.framework</string>
			<key>path</key>
			<string>System/Library/Frameworks/Foundation.framework</string>
			<key>sourceTree</key>
			<string>SDKROOT</string>
		</dict>
		<key>2A2C550DAF5EC6628AB280B9</key>
		<dict>
			<key>fileRef</key>
			<string>2A2C550DAF5EC6628AB280B8</string>
			<key>isa</key>
			<string>PBXBuildFile</string>
		</dict>
		<key>2A2C550DAF5EC6628AB280BA</key>
		<dict>
			<key>isa</key>
			<string>PBXFileReference</string>
			<key>lastKnownFileType</key>
			<string>wrapper.framework</string>
			<key>name</key>
			<string>CoreGraphics.framework</string>
			<key>path</key>
			<string>System/Library/Frameworks/CoreGraphics.framework</string>
			<key>sourceTree</key>
			<string>SDKROOT</string>
		</dict>
		<key>2A2C550DAF5EC6628AB280BB</key>
		<dict>
			<key>fileRef</key>
			<string>2A2C550DAF5EC6628AB280BA</string>
			<key>isa</key>
			<string>PBXBuildFile</string>
		</dict>
		<key>2A2C550DAF5EC6628AB280BC</key>
		<dict>
			<key>children</key>
			<array>
				<string>2A2C550DAF5EC6628AB280D2</string>
				<string>2A2C550DAF5EC6628AB280D1</string>
				<string>2A2C550DAF5EC6628AB280CF</string>
				<string>2A2C550DAF5EC6628AB280CE</string>
				<string>2A2C550DAF5EC6628AB280CC</string>
				<string>2A2C550DAF5EC6628AB280C9</string>
				<string>2A2C550DAF5EC6628AB280C6</string>
				<string>2A2C550DAF5EC6628AB280C5</string>
				<string>2A2C550DAF5EC6628AB280BD</string>
			</array>
			<key>isa</key>
			<string>PBXGroup</string>
			<key>path</key>
			<string>vigor</string>
			<key>sourceTree</key>
			<string>&lt;group&gt;</string>
		</dict>
		<key>2A2C550DAF5EC6628AB280BD</key>
		<dict>
			<key>children</key>
			<array>
				<string>2A2C550DAF5EC6628AB280C4</string>
				<string>2A2C550DAF5EC6628AB280C2</string>
				<string>2A2C550DAF5EC6628AB280C0</string>
				<string>2A2C550DAF5EC6628AB280BE</string>
			</array>
			<key>isa</key>
			<string>PBXGroup</string>
			<key>name</key>
			<string>Supporting Files</string>
			<key>sourceTree</key>
			<string>&lt;group&gt;</string>
		</dict>
		<key>2A2C550DAF5EC6628AB280BE</key>
		<dict>
			<key>isa</key>
			<string>PBXFileReference</string>
			<key>lastKnownFileType</key>
			<string>text.plist.info</string>
			<key>path</key>
			<string>Vigor-Info.plist</string>
			<key>sourceTree</key>
			<string>&lt;group&gt;</string>
		</dict>
		<key>2A2C550DAF5EC6628AB280BF</key>
		<dict>
			<key>isa</key>
			<string>PBXFileReference</string>
			<key>lastKnownFileType</key>
			<string>text.plist.strings</string>
			<key>name</key>
			<string>en</string>
			<key>path</key>
			<string>en.lproj/InfoPlist.strings</string>
			<key>sourceTree</key>
			<string>&lt;group&gt;</string>
		</dict>
		<key>2A2C550DAF5EC6628AB280C0</key>
		<dict>
			<key>children</key>
			<array>
				<string>2A2C550DAF5EC6628AB280BF</string>
			</array>
			<key>isa</key>
			<string>PBXVariantGroup</string>
			<key>name</key>
			<string>InfoPlist.strings</string>
			<key>sourceTree</key>
			<string>&lt;group&gt;</string>
		</dict>
		<key>2A2C550DAF5EC6628AB280C1</key>
		<dict>
			<key>fileRef</key>
			<string>2A2C550DAF5EC6628AB280C0</string>
			<key>isa</key>
			<string>PBXBuildFile</string>
		</dict>
		<key>2A2C550DAF5EC6628AB280C2</key>
		<dict>
			<key>isa</key>
			<string>PBXFileReference</string>
			<key>lastKnownFileType</key>
			<string>sourcecode.c.objc</string>
			<key>path</key>
			<string>main.m</string>
			<key>sourceTree</key>
			<string>&lt;group&gt;</string>
		</dict>
		<key>2A2C550DAF5EC6628AB280C3</key>
		<dict>
			<key>fileRef</key>
			<string>2A2C550DAF5EC6628AB280C2</string>
			<key>isa</key>
			<string>PBXBuildFile</string>
		</dict>
		<key>2A2C550DAF5EC6628AB280C4</key>
		<dict>
			<key>isa</key>
			<string>PBXFileReference</string>
			<key>lastKnownFileType</key>
			<string>sourcecode.c.h</string>
			<key>path</key>
			<string>Vigor-Prefix.pch</string>
			<key>sourceTree</key>
			<string>&lt;group&gt;</string>
		</dict>
		<key>2A2C550DAF5EC6628AB280C5</key>
		<dict>
			<key>isa</key>
			<string>PBXFileReference</string>
			<key>lastKnownFileType</key>
			<string>sourcecode.c.h</string>
			<key>path</key>
			<string>AppDelegate.h</string>
			<key>sourceTree</key>
			<string>&lt;group&gt;</string>
		</dict>
		<key>2A2C550DAF5EC6628AB280C6</key>
		<dict>
			<key>isa</key>
			<string>PBXFileReference</string>
			<key>lastKnownFileType</key>
			<string>sourcecode.c.objc</string>
			<key>path</key>
			<string>AppDelegate.m</string>
			<key>sourceTree</key>
			<string>&lt;group&gt;</string>
		</dict>
		<key>2A2C550DAF5EC6628AB280C7</key>
		<dict>
			<key>fileRef</key>
			<string>2A2C550DAF5EC6628AB280C6</string>
			<key>isa</key>
			<string>PBXBuildFile</string>
		</dict>
		<key>2A2C550DAF5EC6628AB280C8</key>
		<dict>
			<key>isa</key>
			<string>PBXFileReference</string>
			<key>lastKnownFileType</key>
			<string>file.storyboard</string>
			<key>name</key>
			<string>en</string>
			<key>path</key>
			<string>en.lproj/MainStoryboard_iPhone.storyboard</string>
			<key>sourceTree</key>
			<string>&lt;group&gt;</string>
		</dict>
		<key>2A2C550DAF5EC6628AB280C9</key>
		<dict>
			<key>children</key>
			<array>
				<string>2A2C550DAF5EC6628AB280C8</string>
			</array>
			<key>isa</key>
			<string>PBXVariantGroup</string>
			<key>name</key>
			<string>MainStoryboard_iPhone.storyboard</string>
			<key>sourceTree</key>
			<string>&lt;group&gt;</string>
		</dict>
		<key>2A2C550DAF5EC6628AB280CA</key>
		<dict>
			<key>fileRef</key>
			<string>2A2C550DAF5EC6628AB280C9</string>
			<key>isa</key>
			<string>PBXBuildFile</string>
		</dict>
		<key>2A2C550DAF5EC6628AB280CB</key>
		<dict>
			<key>isa</key>
			<string>PBXFileReference</string>
			<key>lastKnownFileType</key>
			<string>file.storyboard</string>
			<key>name</key>
			<string>en</string>
			<key>path</key>
			<string>en.lproj/MainStoryboard_iPad.storyboard</string>
			<key>sourceTree</key>
			<string>&lt;group&gt;</string>
		</dict>
		<key>2A2C550DAF5EC6628AB280CC</key>
		<dict>
			<key>children</key>
			<array>
				<string>2A2C550DAF5EC6628AB280CB</string>
			</array>
			<key>isa</key>
			<string>PBXVariantGroup</string>
			<key>name</key>
			<string>MainStoryboard_iPad.storyboard</string>
			<key>sourceTree</key>
			<string>&lt;group&gt;</string>
		</dict>
		<key>2A2C550DAF5EC6628AB280CD</key>
		<dict>
			<key>fileRef</key>
			<string>2A2C550DAF5EC6628AB280CC</string>
			<key>isa</key>
			<string>PBXBuildFile</string>
		</dict>
		<key>2A2C550DAF5EC6628AB280CE</key>
		<dict>
			<key>isa</key>
			<string>PBXFileReference</string>
			<key>lastKnownFileType</key>
			<string>sourcecode.c.h</string>
			<key>path</key>
			<string>MasterViewController.h</string>
			<key>sourceTree</key>
			<string>&lt;group&gt;</string>
		</dict>
		<key>2A2C550DAF5EC6628AB280CF</key>
		<dict>
			<key>isa</key>
			<string>PBXFileReference</string>
			<key>lastKnownFileType</key>
			<string>sourcecode.c.objc</string>
			<key>path</key>
			<string>MasterViewController.m</string>
			<key>sourceTree</key>
			<string>&lt;group&gt;</string>
		</dict>
		<key>2A2C550DAF5EC6628AB280D0</key>
		<dict>
			<key>fileRef</key>
			<string>2A2C550DAF5EC6628AB280CF</string>
			<key>isa</key>
			<string>PBXBuildFile</string>
		</dict>
		<key>2A2C550DAF5EC6628AB280D1</key>
		<dict>
			<key>isa</key>
			<string>PBXFileReference</string>
			<key>lastKnownFileType</key>
			<string>sourcecode.c.h</string>
			<key>path</key>
			<string>DetailViewController.h</string>
			<key>sourceTree</key>
			<string>&lt;group&gt;</string>
		</dict>
		<key>2A2C550DAF5EC6628AB280D2</key>
		<dict>
			<key>isa</key>
			<string>PBXFileReference</string>
			<key>lastKnownFileType</key>
			<string>sourcecode.c.objc</string>
			<key>path</key>
			<string>DetailViewController.m</string>
			<key>sourceTree</key>
			<string>&lt;group&gt;</string>
		</dict>
		<key>2A2C550DAF5EC6628AB280D3</key>
		<dict>
			<key>fileRef</key>
			<string>2A2C550DAF5EC6628AB280D2</string>
			<key>isa</key>
			<string>PBXBuildFile</string>
		</dict>
		<key>2D321D84154357A500B05E3B</key>
		<dict>
			<key>isa</key>
			<string>PBXFileReference</string>
			<key>lastKnownFileType</key>
			<string>wrapper.framework</string>
			<key>name</key>
			<string>CFNetwork.framework</string>
			<key>path</key>
			<string>System/Library/Frameworks/CFNetwork.framework</string>
			<key>sourceTree</key>
			<string>SDKROOT</string>
		</dict>
		<key>2D321D85154357A500B05E3B</key>
		<dict>
			<key>fileRef</key>
			<string>2D321D84154357A500B05E3B</string>
			<key>isa</key>
			<string>PBXBuildFile</string>
		</dict>
		<key>2D36ACA11545421700E4C0CB</key>
		<dict>
			<key>isa</key>
			<string>PBXFileReference</string>
			<key>lastKnownFileType</key>
			<string>text.xml</string>
			<key>name</key>
			<string>Vigor.entitlements</string>
			<key>path</key>
			<string>Vigor/Vigor.entitlements</string>
			<key>sourceTree</key>
			<string>&lt;group&gt;</string>
		</dict>
		<key>2D36ACA11545421700E4C0CF</key>
		<dict>
			<key>children</key>
			<array>
				<string>2D36ACA11545421700E4C0E4</string>
				<string>2D36ACA11545421700E4C0E3</string>
			</array>
			<key>isa</key>
			<string>PBXGroup</string>
			<key>path</key>
			<string>categories</string>
			<key>sourceTree</key>
			<string>&lt;group&gt;</string>
		</dict>
		<key>2D36ACA11545421700E4C0E3</key>
		<dict>
			<key>fileEncoding</key>
			<string>4</string>
			<key>isa</key>
			<string>PBXFileReference</string>
			<key>lastKnownFileType</key>
			<string>sourcecode.c.h</string>
			<key>path</key>
			<string>UITextField+DFX.h</string>
			<key>sourceTree</key>
			<string>&lt;group&gt;</string>
		</dict>
		<key>2D36ACA11545421700E4C0E4</key>
		<dict>
			<key>fileEncoding</key>
			<string>4</string>
			<key>isa</key>
			<string>PBXFileReference</string>
			<key>lastKnownFileType</key>
			<string>sourcecode.c.objc</string>
			<key>path</key>
			<string>UITextField+DFX.m</string>
			<key>sourceTree</key>
			<string>&lt;group&gt;</string>
		</dict>
		<key>2D36ACA11545421700E4C0E5</key>
		<dict>
			<key>fileRef</key>
			<string>2D36ACA11545421700E4C0E4</string>
			<key>isa</key>
			<string>PBXBuildFile</string>
		</dict>
		<key>2D9031EB15E9F3950009A0DD</key>
		<dict>
			<key>isa</key>
			<string>PBXFileReference</string>
			<key>lastKnownFileType</key>
			<string>wrapper.framework</string>
			<key>name</key>
			<string>Security.framework</string>
			<key>path</key>
			<string>System/Library/Frameworks/Security.framework</string>
			<key>sourceTree</key>
			<string>SDKROOT</string>
		</dict>
		<key>2D9031EC15E9F3950009A0DD</key>
		<dict>
			<key>fileRef</key>
			<string>2D9031EB15E9F3950009A0DD</string>
			<key>isa</key>
			<string>PBXBuildFile</string>
		</dict>
	</dict>
	<key>rootObject</key>
	<string>2A2C550DAF5EC6628AB280A7</string>
</dict>
</plist>
